
Microsoft Visual Studio Solution File, Format Version 12.00
# Visual Studio 14
VisualStudioVersion = 14.0.25123.0
MinimumVisualStudioVersion = 10.0.40219.1
Project("{2150E333-8FDC-42A3-9474-1A3956D46DE8}") = "Bson", "Bson", "{02386664-8BF7-4E57-A24E-B059B8F997F0}"
EndProject
Project("{2150E333-8FDC-42A3-9474-1A3956D46DE8}") = "Core", "Core", "{475393A0-310D-4EEE-8E3F-F196A96B2A99}"
EndProject
Project("{2150E333-8FDC-42A3-9474-1A3956D46DE8}") = "Driver", "Driver", "{11282844-4584-4F65-9857-D4329046E84D}"
EndProject
Project("{2150E333-8FDC-42A3-9474-1A3956D46DE8}") = "Misc", "Misc", "{391D831D-5AC7-43F8-8BCB-6AE81B027658}"
EndProject
Project("{8BB2217D-0F2D-49D1-97BC-3654ED321F3B}") = "MongoDB.Bson.Tests", "MongoDB.Bson.Tests\MongoDB.Bson.Tests.xproj", "{4815E305-470B-4880-95EA-3EB5FD36EDEF}"
EndProject
Project("{8BB2217D-0F2D-49D1-97BC-3654ED321F3B}") = "MongoDB.Bson.TestHelpers", "MongoDB.Bson.TestHelpers\MongoDB.Bson.TestHelpers.xproj", "{E86EA7FB-A827-45CB-A7F2-31934E6AAE91}"
EndProject
Project("{8BB2217D-0F2D-49D1-97BC-3654ED321F3B}") = "MongoDB.Bson", "MongoDB.Bson\MongoDB.Bson.xproj", "{49A7F111-4F58-43E3-AFCC-FBDFE0C16496}"
EndProject
Project("{8BB2217D-0F2D-49D1-97BC-3654ED321F3B}") = "MongoDB.Driver.Core", "MongoDB.Driver.Core\MongoDB.Driver.Core.xproj", "{3EE6752E-CF17-498E-B7F0-1A43E9562372}"
EndProject
Project("{8BB2217D-0F2D-49D1-97BC-3654ED321F3B}") = "MongoDB.Driver.Core.TestHelpers", "MongoDB.Driver.Core.TestHelpers\MongoDB.Driver.Core.TestHelpers.xproj", "{12E40277-0A62-4A55-A4AE-01BAB6B1CB99}"
EndProject
Project("{8BB2217D-0F2D-49D1-97BC-3654ED321F3B}") = "MongoDB.Driver.Core.Tests", "MongoDB.Driver.Core.Tests\MongoDB.Driver.Core.Tests.xproj", "{782A4B33-4CF1-45F5-9080-18E2DAC905C1}"
EndProject
Project("{8BB2217D-0F2D-49D1-97BC-3654ED321F3B}") = "MongoDB.Driver", "MongoDB.Driver\MongoDB.Driver.xproj", "{D84BF414-82F2-44F6-A4C5-4D28B488B0AE}"
EndProject
Project("{8BB2217D-0F2D-49D1-97BC-3654ED321F3B}") = "MongoDB.Driver.Tests", "MongoDB.Driver.Tests\MongoDB.Driver.Tests.xproj", "{0742CC8E-8AF3-4B6A-A378-B15C4D14F090}"
EndProject
Project("{8BB2217D-0F2D-49D1-97BC-3654ED321F3B}") = "MongoDB.Driver.TestHelpers", "MongoDB.Driver.TestHelpers\MongoDB.Driver.TestHelpers.xproj", "{34D87CAD-A674-49AB-9976-757AF48A6D93}"
EndProject
Project("{8BB2217D-0F2D-49D1-97BC-3654ED321F3B}") = "MongoDB.Driver.GridFS", "MongoDB.Driver.GridFS\MongoDB.Driver.GridFS.xproj", "{42ED5874-7656-469E-AA15-6995BAB45A2A}"
EndProject
Project("{8BB2217D-0F2D-49D1-97BC-3654ED321F3B}") = "MongoDB.Driver.GridFS.Tests", "MongoDB.Driver.GridFS.Tests\MongoDB.Driver.GridFS.Tests.xproj", "{390C2D3E-7A30-4C86-8B66-5F90AF657FA9}"
EndProject
Project("{8BB2217D-0F2D-49D1-97BC-3654ED321F3B}") = "MongoDB.Driver.Examples", "MongoDB.Driver.Examples\MongoDB.Driver.Examples.xproj", "{A3AF6D37-1F1C-41B9-A8F8-7ADBC44EE53E}"
EndProject
Global
	GlobalSection(SolutionConfigurationPlatforms) = preSolution
		Debug|Any CPU = Debug|Any CPU
		Release|Any CPU = Release|Any CPU
	EndGlobalSection
	GlobalSection(ProjectConfigurationPlatforms) = postSolution
		{4815E305-470B-4880-95EA-3EB5FD36EDEF}.Debug|Any CPU.ActiveCfg = Debug|Any CPU
		{4815E305-470B-4880-95EA-3EB5FD36EDEF}.Debug|Any CPU.Build.0 = Debug|Any CPU
		{4815E305-470B-4880-95EA-3EB5FD36EDEF}.Release|Any CPU.ActiveCfg = Release|Any CPU
		{4815E305-470B-4880-95EA-3EB5FD36EDEF}.Release|Any CPU.Build.0 = Release|Any CPU
		{E86EA7FB-A827-45CB-A7F2-31934E6AAE91}.Debug|Any CPU.ActiveCfg = Debug|Any CPU
		{E86EA7FB-A827-45CB-A7F2-31934E6AAE91}.Debug|Any CPU.Build.0 = Debug|Any CPU
		{E86EA7FB-A827-45CB-A7F2-31934E6AAE91}.Release|Any CPU.ActiveCfg = Release|Any CPU
		{E86EA7FB-A827-45CB-A7F2-31934E6AAE91}.Release|Any CPU.Build.0 = Release|Any CPU
		{49A7F111-4F58-43E3-AFCC-FBDFE0C16496}.Debug|Any CPU.ActiveCfg = Debug|Any CPU
		{49A7F111-4F58-43E3-AFCC-FBDFE0C16496}.Debug|Any CPU.Build.0 = Debug|Any CPU
		{49A7F111-4F58-43E3-AFCC-FBDFE0C16496}.Release|Any CPU.ActiveCfg = Release|Any CPU
		{49A7F111-4F58-43E3-AFCC-FBDFE0C16496}.Release|Any CPU.Build.0 = Release|Any CPU
		{3EE6752E-CF17-498E-B7F0-1A43E9562372}.Debug|Any CPU.ActiveCfg = Debug|Any CPU
		{3EE6752E-CF17-498E-B7F0-1A43E9562372}.Debug|Any CPU.Build.0 = Debug|Any CPU
		{3EE6752E-CF17-498E-B7F0-1A43E9562372}.Release|Any CPU.ActiveCfg = Release|Any CPU
		{3EE6752E-CF17-498E-B7F0-1A43E9562372}.Release|Any CPU.Build.0 = Release|Any CPU
		{12E40277-0A62-4A55-A4AE-01BAB6B1CB99}.Debug|Any CPU.ActiveCfg = Debug|Any CPU
		{12E40277-0A62-4A55-A4AE-01BAB6B1CB99}.Debug|Any CPU.Build.0 = Debug|Any CPU
		{12E40277-0A62-4A55-A4AE-01BAB6B1CB99}.Release|Any CPU.ActiveCfg = Release|Any CPU
		{12E40277-0A62-4A55-A4AE-01BAB6B1CB99}.Release|Any CPU.Build.0 = Release|Any CPU
		{782A4B33-4CF1-45F5-9080-18E2DAC905C1}.Debug|Any CPU.ActiveCfg = Debug|Any CPU
		{782A4B33-4CF1-45F5-9080-18E2DAC905C1}.Debug|Any CPU.Build.0 = Debug|Any CPU
		{782A4B33-4CF1-45F5-9080-18E2DAC905C1}.Release|Any CPU.ActiveCfg = Release|Any CPU
		{782A4B33-4CF1-45F5-9080-18E2DAC905C1}.Release|Any CPU.Build.0 = Release|Any CPU
		{D84BF414-82F2-44F6-A4C5-4D28B488B0AE}.Debug|Any CPU.ActiveCfg = Debug|Any CPU
		{D84BF414-82F2-44F6-A4C5-4D28B488B0AE}.Debug|Any CPU.Build.0 = Debug|Any CPU
		{D84BF414-82F2-44F6-A4C5-4D28B488B0AE}.Release|Any CPU.ActiveCfg = Release|Any CPU
		{D84BF414-82F2-44F6-A4C5-4D28B488B0AE}.Release|Any CPU.Build.0 = Release|Any CPU
		{0742CC8E-8AF3-4B6A-A378-B15C4D14F090}.Debug|Any CPU.ActiveCfg = Debug|Any CPU
		{0742CC8E-8AF3-4B6A-A378-B15C4D14F090}.Debug|Any CPU.Build.0 = Debug|Any CPU
		{0742CC8E-8AF3-4B6A-A378-B15C4D14F090}.Release|Any CPU.ActiveCfg = Release|Any CPU
		{0742CC8E-8AF3-4B6A-A378-B15C4D14F090}.Release|Any CPU.Build.0 = Release|Any CPU
		{34D87CAD-A674-49AB-9976-757AF48A6D93}.Debug|Any CPU.ActiveCfg = Debug|Any CPU
		{34D87CAD-A674-49AB-9976-757AF48A6D93}.Debug|Any CPU.Build.0 = Debug|Any CPU
		{34D87CAD-A674-49AB-9976-757AF48A6D93}.Release|Any CPU.ActiveCfg = Release|Any CPU
		{34D87CAD-A674-49AB-9976-757AF48A6D93}.Release|Any CPU.Build.0 = Release|Any CPU
		{42ED5874-7656-469E-AA15-6995BAB45A2A}.Debug|Any CPU.ActiveCfg = Debug|Any CPU
		{42ED5874-7656-469E-AA15-6995BAB45A2A}.Debug|Any CPU.Build.0 = Debug|Any CPU
		{42ED5874-7656-469E-AA15-6995BAB45A2A}.Release|Any CPU.ActiveCfg = Release|Any CPU
		{42ED5874-7656-469E-AA15-6995BAB45A2A}.Release|Any CPU.Build.0 = Release|Any CPU
		{390C2D3E-7A30-4C86-8B66-5F90AF657FA9}.Debug|Any CPU.ActiveCfg = Debug|Any CPU
		{390C2D3E-7A30-4C86-8B66-5F90AF657FA9}.Debug|Any CPU.Build.0 = Debug|Any CPU
		{390C2D3E-7A30-4C86-8B66-5F90AF657FA9}.Release|Any CPU.ActiveCfg = Release|Any CPU
		{390C2D3E-7A30-4C86-8B66-5F90AF657FA9}.Release|Any CPU.Build.0 = Release|Any CPU
		{A3AF6D37-1F1C-41B9-A8F8-7ADBC44EE53E}.Debug|Any CPU.ActiveCfg = Debug|Any CPU
		{A3AF6D37-1F1C-41B9-A8F8-7ADBC44EE53E}.Debug|Any CPU.Build.0 = Debug|Any CPU
		{A3AF6D37-1F1C-41B9-A8F8-7ADBC44EE53E}.Release|Any CPU.ActiveCfg = Release|Any CPU
		{A3AF6D37-1F1C-41B9-A8F8-7ADBC44EE53E}.Release|Any CPU.Build.0 = Release|Any CPU
	EndGlobalSection
	GlobalSection(SolutionProperties) = preSolution
		HideSolutionNode = FALSE
	EndGlobalSection
	GlobalSection(NestedProjects) = preSolution
		{4815E305-470B-4880-95EA-3EB5FD36EDEF} = {02386664-8BF7-4E57-A24E-B059B8F997F0}
		{E86EA7FB-A827-45CB-A7F2-31934E6AAE91} = {02386664-8BF7-4E57-A24E-B059B8F997F0}
		{49A7F111-4F58-43E3-AFCC-FBDFE0C16496} = {02386664-8BF7-4E57-A24E-B059B8F997F0}
		{3EE6752E-CF17-498E-B7F0-1A43E9562372} = {475393A0-310D-4EEE-8E3F-F196A96B2A99}
		{12E40277-0A62-4A55-A4AE-01BAB6B1CB99} = {475393A0-310D-4EEE-8E3F-F196A96B2A99}
		{782A4B33-4CF1-45F5-9080-18E2DAC905C1} = {475393A0-310D-4EEE-8E3F-F196A96B2A99}
		{D84BF414-82F2-44F6-A4C5-4D28B488B0AE} = {11282844-4584-4F65-9857-D4329046E84D}
		{0742CC8E-8AF3-4B6A-A378-B15C4D14F090} = {11282844-4584-4F65-9857-D4329046E84D}
		{34D87CAD-A674-49AB-9976-757AF48A6D93} = {11282844-4584-4F65-9857-D4329046E84D}
		{42ED5874-7656-469E-AA15-6995BAB45A2A} = {11282844-4584-4F65-9857-D4329046E84D}
		{390C2D3E-7A30-4C86-8B66-5F90AF657FA9} = {11282844-4584-4F65-9857-D4329046E84D}
		{A3AF6D37-1F1C-41B9-A8F8-7ADBC44EE53E} = {391D831D-5AC7-43F8-8BCB-6AE81B027658}
	EndGlobalSection
EndGlobal
